
Microsoft Visual Studio Solution File, Format Version 12.00
# Visual Studio Version 17
VisualStudioVersion = 17.9.34622.214
MinimumVisualStudioVersion = 10.0.40219.1
Project("{8BC9CEB8-8B4A-11D0-8D11-00A0C91BC942}") = "01.IO_Process", "01.IO_Process\01.IO_Process.vcxproj", "{694E0AF7-22C1-41AC-BB65-8C405EE1D021}"
EndProject
Project("{8BC9CEB8-8B4A-11D0-8D11-00A0C91BC942}") = "02.JobQueue", "02.JobQueue\02.JobQueue.vcxproj", "{E7E17F7A-6C52-4FB7-8866-D734489BAC74}"
EndProject
Project("{2150E333-8FDC-42A3-9474-1A3956D46DE8}") = "01.언리얼프로젝트", "01.언리얼프로젝트", "{9A1E46F6-91D6-46B3-878D-1F27E2A14BD8}"
EndProject
Project("{8BC9CEB8-8B4A-11D0-8D11-00A0C91BC942}") = "03.Mouse_Interaction", "03.Mouse_Interaction\03.Mouse_Interaction.vcxproj", "{A670854A-E3A4-43FF-9431-E73ED7DCA27E}"
EndProject
Project("{2150E333-8FDC-42A3-9474-1A3956D46DE8}") = "02.Dx3D프로젝트", "02.Dx3D프로젝트", "{13704D64-C1EC-4BAD-9671-55F1115251D5}"
EndProject
Project("{8BC9CEB8-8B4A-11D0-8D11-00A0C91BC942}") = "04.MultiThread_Loading", "04.MultiThread_Loading\04.MultiThread_Loading.vcxproj", "{178423D6-A770-4421-A834-6A55504E9E6C}"
EndProject
Project("{8BC9CEB8-8B4A-11D0-8D11-00A0C91BC942}") = "05.PacketManage", "05.PacketManage\05.PacketManage.vcxproj", "{DC42E8AE-C805-42AA-8144-45628E619949}"
EndProject
Global
	GlobalSection(SolutionConfigurationPlatforms) = preSolution
		Debug|x64 = Debug|x64
		Debug|x86 = Debug|x86
		Release|x64 = Release|x64
		Release|x86 = Release|x86
	EndGlobalSection
	GlobalSection(ProjectConfigurationPlatforms) = postSolution
		{694E0AF7-22C1-41AC-BB65-8C405EE1D021}.Debug|x64.ActiveCfg = Debug|x64
		{694E0AF7-22C1-41AC-BB65-8C405EE1D021}.Debug|x64.Build.0 = Debug|x64
		{694E0AF7-22C1-41AC-BB65-8C405EE1D021}.Debug|x86.ActiveCfg = Debug|Win32
		{694E0AF7-22C1-41AC-BB65-8C405EE1D021}.Debug|x86.Build.0 = Debug|Win32
		{694E0AF7-22C1-41AC-BB65-8C405EE1D021}.Release|x64.ActiveCfg = Release|x64
		{694E0AF7-22C1-41AC-BB65-8C405EE1D021}.Release|x64.Build.0 = Release|x64
		{694E0AF7-22C1-41AC-BB65-8C405EE1D021}.Release|x86.ActiveCfg = Release|Win32
		{694E0AF7-22C1-41AC-BB65-8C405EE1D021}.Release|x86.Build.0 = Release|Win32
		{E7E17F7A-6C52-4FB7-8866-D734489BAC74}.Debug|x64.ActiveCfg = Debug|x64
		{E7E17F7A-6C52-4FB7-8866-D734489BAC74}.Debug|x64.Build.0 = Debug|x64
		{E7E17F7A-6C52-4FB7-8866-D734489BAC74}.Debug|x86.ActiveCfg = Debug|Win32
		{E7E17F7A-6C52-4FB7-8866-D734489BAC74}.Debug|x86.Build.0 = Debug|Win32
		{E7E17F7A-6C52-4FB7-8866-D734489BAC74}.Release|x64.ActiveCfg = Release|x64
		{E7E17F7A-6C52-4FB7-8866-D734489BAC74}.Release|x64.Build.0 = Release|x64
		{E7E17F7A-6C52-4FB7-8866-D734489BAC74}.Release|x86.ActiveCfg = Release|Win32
		{E7E17F7A-6C52-4FB7-8866-D734489BAC74}.Release|x86.Build.0 = Release|Win32
		{A670854A-E3A4-43FF-9431-E73ED7DCA27E}.Debug|x64.ActiveCfg = Debug|x64
		{A670854A-E3A4-43FF-9431-E73ED7DCA27E}.Debug|x64.Build.0 = Debug|x64
		{A670854A-E3A4-43FF-9431-E73ED7DCA27E}.Debug|x86.ActiveCfg = Debug|Win32
		{A670854A-E3A4-43FF-9431-E73ED7DCA27E}.Debug|x86.Build.0 = Debug|Win32
		{A670854A-E3A4-43FF-9431-E73ED7DCA27E}.Release|x64.ActiveCfg = Release|x64
		{A670854A-E3A4-43FF-9431-E73ED7DCA27E}.Release|x64.Build.0 = Release|x64
		{A670854A-E3A4-43FF-9431-E73ED7DCA27E}.Release|x86.ActiveCfg = Release|Win32
		{A670854A-E3A4-43FF-9431-E73ED7DCA27E}.Release|x86.Build.0 = Release|Win32
		{178423D6-A770-4421-A834-6A55504E9E6C}.Debug|x64.ActiveCfg = Debug|x64
		{178423D6-A770-4421-A834-6A55504E9E6C}.Debug|x64.Build.0 = Debug|x64
		{178423D6-A770-4421-A834-6A55504E9E6C}.Debug|x86.ActiveCfg = Debug|Win32
		{178423D6-A770-4421-A834-6A55504E9E6C}.Debug|x86.Build.0 = Debug|Win32
		{178423D6-A770-4421-A834-6A55504E9E6C}.Release|x64.ActiveCfg = Release|x64
		{178423D6-A770-4421-A834-6A55504E9E6C}.Release|x64.Build.0 = Release|x64
		{178423D6-A770-4421-A834-6A55504E9E6C}.Release|x86.ActiveCfg = Release|Win32
		{178423D6-A770-4421-A834-6A55504E9E6C}.Release|x86.Build.0 = Release|Win32
		{DC42E8AE-C805-42AA-8144-45628E619949}.Debug|x64.ActiveCfg = Debug|x64
		{DC42E8AE-C805-42AA-8144-45628E619949}.Debug|x64.Build.0 = Debug|x64
		{DC42E8AE-C805-42AA-8144-45628E619949}.Debug|x86.ActiveCfg = Debug|Win32
		{DC42E8AE-C805-42AA-8144-45628E619949}.Debug|x86.Build.0 = Debug|Win32
		{DC42E8AE-C805-42AA-8144-45628E619949}.Release|x64.ActiveCfg = Release|x64
		{DC42E8AE-C805-42AA-8144-45628E619949}.Release|x64.Build.0 = Release|x64
		{DC42E8AE-C805-42AA-8144-45628E619949}.Release|x86.ActiveCfg = Release|Win32
		{DC42E8AE-C805-42AA-8144-45628E619949}.Release|x86.Build.0 = Release|Win32
	EndGlobalSection
	GlobalSection(SolutionProperties) = preSolution
		HideSolutionNode = FALSE
	EndGlobalSection
	GlobalSection(NestedProjects) = preSolution
		{694E0AF7-22C1-41AC-BB65-8C405EE1D021} = {9A1E46F6-91D6-46B3-878D-1F27E2A14BD8}
		{E7E17F7A-6C52-4FB7-8866-D734489BAC74} = {9A1E46F6-91D6-46B3-878D-1F27E2A14BD8}
		{A670854A-E3A4-43FF-9431-E73ED7DCA27E} = {9A1E46F6-91D6-46B3-878D-1F27E2A14BD8}
		{178423D6-A770-4421-A834-6A55504E9E6C} = {13704D64-C1EC-4BAD-9671-55F1115251D5}
		{DC42E8AE-C805-42AA-8144-45628E619949} = {13704D64-C1EC-4BAD-9671-55F1115251D5}
	EndGlobalSection
	GlobalSection(ExtensibilityGlobals) = postSolution
		SolutionGuid = {CB7020A0-1FFF-48D1-8C34-4E54BC48D8C6}
	EndGlobalSection
EndGlobal
